{
  "name": "shicishuo-miniprogram",
  "version": "1.0.0",
  "lockfileVersion": 1,
  "requires": true,
  "dependencies": {
    "weui-miniprogram": {
      "version": "0.2.1",
      "resolved": "https://registry.npm.taobao.org/weui-miniprogram/download/weui-miniprogram-0.2.1.tgz",
      "integrity": "sha1-QZwJ08AEOFTL3N1BFye76oFM30g="
    },
    "wux-weapp": {
      "version": "3.8.5",
      "resolved": "https://registry.npm.taobao.org/wux-weapp/download/wux-weapp-3.8.5.tgz",
      "integrity": "sha1-xiHtJ86SvheGtJWbg/6L3fA6auM="
    }
  }
}
